
Microsoft Visual Studio Solution File, Format Version 12.00
# Visual Studio Version 17
VisualStudioVersion = 17.14.37012.4
MinimumVisualStudioVersion = 10.0.40219.1
Project("{FAE04EC0-301F-11D3-BF4B-00C04F79EFBC}") = "ProiectII", "ProiectII\ProiectII.csproj", "{C686D350-0A4F-4CB4-A25A-C9CDD5A59870}"
EndProject
Project("{FAE04EC0-301F-11D3-BF4B-00C04F79EFBC}") = "ProiectII.Tests", "ProiectII.Tests\ProiectII.Tests.csproj", "{C31B1A71-3A16-45A3-B2E9-B09B21BF7FE1}"
EndProject
Global
	GlobalSection(SolutionConfigurationPlatforms) = preSolution
		Debug|Any CPU = Debug|Any CPU
		Debug|x64 = Debug|x64
		Debug|x86 = Debug|x86
		Release|Any CPU = Release|Any CPU
		Release|x64 = Release|x64
		Release|x86 = Release|x86
	EndGlobalSection
	GlobalSection(ProjectConfigurationPlatforms) = postSolution
		{C686D350-0A4F-4CB4-A25A-C9CDD5A59870}.Debug|Any CPU.ActiveCfg = Debug|Any CPU
		{C686D350-0A4F-4CB4-A25A-C9CDD5A59870}.Debug|Any CPU.Build.0 = Debug|Any CPU
		{C686D350-0A4F-4CB4-A25A-C9CDD5A59870}.Debug|x64.ActiveCfg = Debug|Any CPU
		{C686D350-0A4F-4CB4-A25A-C9CDD5A59870}.Debug|x64.Build.0 = Debug|Any CPU
		{C686D350-0A4F-4CB4-A25A-C9CDD5A59870}.Debug|x86.ActiveCfg = Debug|Any CPU
		{C686D350-0A4F-4CB4-A25A-C9CDD5A59870}.Debug|x86.Build.0 = Debug|Any CPU
		{C686D350-0A4F-4CB4-A25A-C9CDD5A59870}.Release|Any CPU.ActiveCfg = Release|Any CPU
		{C686D350-0A4F-4CB4-A25A-C9CDD5A59870}.Release|Any CPU.Build.0 = Release|Any CPU
		{C686D350-0A4F-4CB4-A25A-C9CDD5A59870}.Release|x64.ActiveCfg = Release|Any CPU
		{C686D350-0A4F-4CB4-A25A-C9CDD5A59870}.Release|x64.Build.0 = Release|Any CPU
		{C686D350-0A4F-4CB4-A25A-C9CDD5A59870}.Release|x86.ActiveCfg = Release|Any CPU
		{C686D350-0A4F-4CB4-A25A-C9CDD5A59870}.Release|x86.Build.0 = Release|Any CPU
		{C31B1A71-3A16-45A3-B2E9-B09B21BF7FE1}.Debug|Any CPU.ActiveCfg = Debug|Any CPU
		{C31B1A71-3A16-45A3-B2E9-B09B21BF7FE1}.Debug|Any CPU.Build.0 = Debug|Any CPU
		{C31B1A71-3A16-45A3-B2E9-B09B21BF7FE1}.Debug|x64.ActiveCfg = Debug|Any CPU
		{C31B1A71-3A16-45A3-B2E9-B09B21BF7FE1}.Debug|x64.Build.0 = Debug|Any CPU
		{C31B1A71-3A16-45A3-B2E9-B09B21BF7FE1}.Debug|x86.ActiveCfg = Debug|Any CPU
		{C31B1A71-3A16-45A3-B2E9-B09B21BF7FE1}.Debug|x86.Build.0 = Debug|Any CPU
		{C31B1A71-3A16-45A3-B2E9-B09B21BF7FE1}.Release|Any CPU.ActiveCfg = Release|Any CPU
		{C31B1A71-3A16-45A3-B2E9-B09B21BF7FE1}.Release|Any CPU.Build.0 = Release|Any CPU
		{C31B1A71-3A16-45A3-B2E9-B09B21BF7FE1}.Release|x64.ActiveCfg = Release|Any CPU
		{C31B1A71-3A16-45A3-B2E9-B09B21BF7FE1}.Release|x64.Build.0 = Release|Any CPU
		{C31B1A71-3A16-45A3-B2E9-B09B21BF7FE1}.Release|x86.ActiveCfg = Release|Any CPU
		{C31B1A71-3A16-45A3-B2E9-B09B21BF7FE1}.Release|x86.Build.0 = Release|Any CPU
	EndGlobalSection
	GlobalSection(SolutionProperties) = preSolution
		HideSolutionNode = FALSE
	EndGlobalSection
	GlobalSection(ExtensibilityGlobals) = postSolution
		SolutionGuid = {840B1FB8-7CAD-451F-950F-6B96E5602D96}
	EndGlobalSection
EndGlobal
